
Microsoft Visual Studio Solution File, Format Version 12.00
# Visual Studio Version 17
VisualStudioVersion = 17.9.34902.65
MinimumVisualStudioVersion = 10.0.40219.1
Project("{FAE04EC0-301F-11D3-BF4B-00C04F79EFBC}") = "SchoolDatabase", "SchoolDatabase\SchoolDatabase.csproj", "{B668D998-1B55-429E-9AF0-B070D54DAD52}"
EndProject
Global
	GlobalSection(SolutionConfigurationPlatforms) = preSolution
		Debug|Any CPU = Debug|Any CPU
		Release|Any CPU = Release|Any CPU
	EndGlobalSection
	GlobalSection(ProjectConfigurationPlatforms) = postSolution
		{B668D998-1B55-429E-9AF0-B070D54DAD52}.Debug|Any CPU.ActiveCfg = Debug|Any CPU
		{B668D998-1B55-429E-9AF0-B070D54DAD52}.Debug|Any CPU.Build.0 = Debug|Any CPU
		{B668D998-1B55-429E-9AF0-B070D54DAD52}.Release|Any CPU.ActiveCfg = Release|Any CPU
		{B668D998-1B55-429E-9AF0-B070D54DAD52}.Release|Any CPU.Build.0 = Release|Any CPU
	EndGlobalSection
	GlobalSection(SolutionProperties) = preSolution
		HideSolutionNode = FALSE
	EndGlobalSection
	GlobalSection(ExtensibilityGlobals) = postSolution
		SolutionGuid = {494F4732-4C10-4800-8FF3-668202ADE7CC}
	EndGlobalSection
EndGlobal
